{
  "nodes": {
    "nixpkgs": {
      "locked": {
        "lastModified": 1683673195,
        "narHash": "sha256-C3xuXmt5KIMjqm+nkjgUTdHhDx7rRSKIED2zQAGqPCE=",
        "owner": "NixOS",
        "repo": "nixpkgs",
        "rev": "cd22034f9761773f8859c91275062419a2514b6c",
        "type": "github"
      },
      "original": {
        "owner": "NixOS",
        "repo": "nixpkgs",
        "type": "github"
      }
    },
    "root": {
      "inputs": {
        "nixpkgs": "nixpkgs"
      }
    }
  },
  "root": "root",
  "version": 7
}
